// !$*UTF8*$!
{
	archiveVersion = 1;
	classes = {
	};
	objectVersion = 77;
	objects = {

/* Begin PBXBuildFile section */
		7A08B8642D6261F700A37998 /* impact.ttf in Resources */ = {isa = PBXBuildFile; fileRef = 7A08B8412D6261F700A37998 /* impact.ttf */; };
		7A08B8652D6261F700A37998 /* InfinityLevel.sks in Resources */ = {isa = PBXBuildFile; fileRef = 7A08B8432D6261F700A37998 /* InfinityLevel.sks */; };
		7A08B8662D6261F700A37998 /* Level1.sks in Resources */ = {isa = PBXBuildFile; fileRef = 7A08B8472D6261F700A37998 /* Level1.sks */; };
		7A08B8672D6261F700A37998 /* Level2.sks in Resources */ = {isa = PBXBuildFile; fileRef = 7A08B84B2D6261F700A37998 /* Level2.sks */; };
		7A08B8682D6261F700A37998 /* Level3.sks in Resources */ = {isa = PBXBuildFile; fileRef = 7A08B84F2D6261F700A37998 /* Level3.sks */; };
		7A08B8692D6261F700A37998 /* Level4.sks in Resources */ = {isa = PBXBuildFile; fileRef = 7A08B8532D6261F700A37998 /* Level4.sks */; };
		7A08B86A2D6261F700A37998 /* Preview Assets.xcassets in Resources */ = {isa = PBXBuildFile; fileRef = 7A08B85C2D6261F700A37998 /* Preview Assets.xcassets */; };
		7A08B86B2D6261F700A37998 /* Assets.xcassets in Resources */ = {isa = PBXBuildFile; fileRef = 7A08B85E2D6261F700A37998 /* Assets.xcassets */; };
		7A08B86D2D6261F700A37998 /* LaunchScreen.storyboard in Resources */ = {isa = PBXBuildFile; fileRef = 7A08B8602D6261F700A37998 /* LaunchScreen.storyboard */; };
		7A08B86E2D6261F700A37998 /* Localizable.strings in Resources */ = {isa = PBXBuildFile; fileRef = 7A08B8622D6261F700A37998 /* Localizable.strings */; };
		7A08B86F2D6261F700A37998 /* MirrorDashApp.swift in Sources */ = {isa = PBXBuildFile; fileRef = 7A08B8392D6261F700A37998 /* MirrorDashApp.swift */; };
		7A08B8702D6261F700A37998 /* FutureLevel.swift in Sources */ = {isa = PBXBuildFile; fileRef = 7A08B83B2D6261F700A37998 /* FutureLevel.swift */; };
		7A08B8712D6261F700A37998 /* HowToPlayScreen.swift in Sources */ = {isa = PBXBuildFile; fileRef = 7A08B83C2D6261F700A37998 /* HowToPlayScreen.swift */; };
		7A08B8722D6261F700A37998 /* LevelsScreen.swift in Sources */ = {isa = PBXBuildFile; fileRef = 7A08B83D2D6261F700A37998 /* LevelsScreen.swift */; };
		7A08B8732D6261F700A37998 /* MainGameMenu.swift in Sources */ = {isa = PBXBuildFile; fileRef = 7A08B83E2D6261F700A37998 /* MainGameMenu.swift */; };
		7A08B8742D6261F700A37998 /* SettingsScreen.swift in Sources */ = {isa = PBXBuildFile; fileRef = 7A08B83F2D6261F700A37998 /* SettingsScreen.swift */; };
		7A08B8752D6261F700A37998 /* InfinityLevelScene.swift in Sources */ = {isa = PBXBuildFile; fileRef = 7A08B8442D6261F700A37998 /* InfinityLevelScene.swift */; };
		7A08B8762D6261F700A37998 /* InfinityLevelScreen.swift in Sources */ = {isa = PBXBuildFile; fileRef = 7A08B8452D6261F700A37998 /* InfinityLevelScreen.swift */; };
		7A08B8772D6261F700A37998 /* level1Scene.swift in Sources */ = {isa = PBXBuildFile; fileRef = 7A08B8482D6261F700A37998 /* level1Scene.swift */; };
		7A08B8782D6261F700A37998 /* Level1Screen.swift in Sources */ = {isa = PBXBuildFile; fileRef = 7A08B8492D6261F700A37998 /* Level1Screen.swift */; };
		7A08B8792D6261F700A37998 /* Level2Scene.swift in Sources */ = {isa = PBXBuildFile; fileRef = 7A08B84C2D6261F700A37998 /* Level2Scene.swift */; };
		7A08B87A2D6261F700A37998 /* Level2Screen.swift in Sources */ = {isa = PBXBuildFile; fileRef = 7A08B84D2D6261F700A37998 /* Level2Screen.swift */; };
		7A08B87B2D6261F700A37998 /* Level3Scene.swift in Sources */ = {isa = PBXBuildFile; fileRef = 7A08B8502D6261F700A37998 /* Level3Scene.swift */; };
		7A08B87C2D6261F700A37998 /* Level3Screen.swift in Sources */ = {isa = PBXBuildFile; fileRef = 7A08B8512D6261F700A37998 /* Level3Screen.swift */; };
		7A08B87D2D6261F700A37998 /* Level4Scene.swift in Sources */ = {isa = PBXBuildFile; fileRef = 7A08B8542D6261F700A37998 /* Level4Scene.swift */; };
		7A08B87E2D6261F700A37998 /* Level4Screen.swift in Sources */ = {isa = PBXBuildFile; fileRef = 7A08B8552D6261F700A37998 /* Level4Screen.swift */; };
		7A08B87F2D6261F700A37998 /* Fonts+Generated.swift in Sources */ = {isa = PBXBuildFile; fileRef = 7A08B8582D6261F700A37998 /* Fonts+Generated.swift */; };
		7A08B8802D6261F700A37998 /* Strings+Generated.swift in Sources */ = {isa = PBXBuildFile; fileRef = 7A08B8592D6261F700A37998 /* Strings+Generated.swift */; };
		7A08B8812D6261F700A37998 /* XCAssets+Generated.swift in Sources */ = {isa = PBXBuildFile; fileRef = 7A08B85A2D6261F700A37998 /* XCAssets+Generated.swift */; };
		7A08B8842D62624000A37998 /* FirebaseAnalyticsWithoutAdIdSupport in Frameworks */ = {isa = PBXBuildFile; productRef = 7A08B8832D62624000A37998 /* FirebaseAnalyticsWithoutAdIdSupport */; };
		7A08B8862D62624000A37998 /* FirebaseMessaging in Frameworks */ = {isa = PBXBuildFile; productRef = 7A08B8852D62624000A37998 /* FirebaseMessaging */; };
		7A08B8882D62624000A37998 /* FirebaseRemoteConfig in Frameworks */ = {isa = PBXBuildFile; productRef = 7A08B8872D62624000A37998 /* FirebaseRemoteConfig */; };
		7A08B88A2D62639D00A37998 /* GoogleService-Info.plist in Resources */ = {isa = PBXBuildFile; fileRef = 7A08B8892D62639D00A37998 /* GoogleService-Info.plist */; };
/* End PBXBuildFile section */

/* Begin PBXFileReference section */
		7A08B8392D6261F700A37998 /* MirrorDashApp.swift */ = {isa = PBXFileReference; lastKnownFileType = sourcecode.swift; path = MirrorDashApp.swift; sourceTree = "<group>"; };
		7A08B83B2D6261F700A37998 /* FutureLevel.swift */ = {isa = PBXFileReference; lastKnownFileType = sourcecode.swift; path = FutureLevel.swift; sourceTree = "<group>"; };
		7A08B83C2D6261F700A37998 /* HowToPlayScreen.swift */ = {isa = PBXFileReference; lastKnownFileType = sourcecode.swift; path = HowToPlayScreen.swift; sourceTree = "<group>"; };
		7A08B83D2D6261F700A37998 /* LevelsScreen.swift */ = {isa = PBXFileReference; lastKnownFileType = sourcecode.swift; path = LevelsScreen.swift; sourceTree = "<group>"; };
		7A08B83E2D6261F700A37998 /* MainGameMenu.swift */ = {isa = PBXFileReference; lastKnownFileType = sourcecode.swift; path = MainGameMenu.swift; sourceTree = "<group>"; };
		7A08B83F2D6261F700A37998 /* SettingsScreen.swift */ = {isa = PBXFileReference; lastKnownFileType = sourcecode.swift; path = SettingsScreen.swift; sourceTree = "<group>"; };
		7A08B8412D6261F700A37998 /* impact.ttf */ = {isa = PBXFileReference; lastKnownFileType = file; path = impact.ttf; sourceTree = "<group>"; };
		7A08B8432D6261F700A37998 /* InfinityLevel.sks */ = {isa = PBXFileReference; lastKnownFileType = file.sks; path = InfinityLevel.sks; sourceTree = "<group>"; };
		7A08B8442D6261F700A37998 /* InfinityLevelScene.swift */ = {isa = PBXFileReference; lastKnownFileType = sourcecode.swift; path = InfinityLevelScene.swift; sourceTree = "<group>"; };
		7A08B8452D6261F700A37998 /* InfinityLevelScreen.swift */ = {isa = PBXFileReference; lastKnownFileType = sourcecode.swift; path = InfinityLevelScreen.swift; sourceTree = "<group>"; };
		7A08B8472D6261F700A37998 /* Level1.sks */ = {isa = PBXFileReference; lastKnownFileType = file.sks; path = Level1.sks; sourceTree = "<group>"; };
		7A08B8482D6261F700A37998 /* level1Scene.swift */ = {isa = PBXFileReference; lastKnownFileType = sourcecode.swift; path = level1Scene.swift; sourceTree = "<group>"; };
		7A08B8492D6261F700A37998 /* Level1Screen.swift */ = {isa = PBXFileReference; lastKnownFileType = sourcecode.swift; path = Level1Screen.swift; sourceTree = "<group>"; };
		7A08B84B2D6261F700A37998 /* Level2.sks */ = {isa = PBXFileReference; lastKnownFileType = file.sks; path = Level2.sks; sourceTree = "<group>"; };
		7A08B84C2D6261F700A37998 /* Level2Scene.swift */ = {isa = PBXFileReference; lastKnownFileType = sourcecode.swift; path = Level2Scene.swift; sourceTree = "<group>"; };
		7A08B84D2D6261F700A37998 /* Level2Screen.swift */ = {isa = PBXFileReference; lastKnownFileType = sourcecode.swift; path = Level2Screen.swift; sourceTree = "<group>"; };
		7A08B84F2D6261F700A37998 /* Level3.sks */ = {isa = PBXFileReference; lastKnownFileType = file.sks; path = Level3.sks; sourceTree = "<group>"; };
		7A08B8502D6261F700A37998 /* Level3Scene.swift */ = {isa = PBXFileReference; lastKnownFileType = sourcecode.swift; path = Level3Scene.swift; sourceTree = "<group>"; };
		7A08B8512D6261F700A37998 /* Level3Screen.swift */ = {isa = PBXFileReference; lastKnownFileType = sourcecode.swift; path = Level3Screen.swift; sourceTree = "<group>"; };
		7A08B8532D6261F700A37998 /* Level4.sks */ = {isa = PBXFileReference; lastKnownFileType = file.sks; path = Level4.sks; sourceTree = "<group>"; };
		7A08B8542D6261F700A37998 /* Level4Scene.swift */ = {isa = PBXFileReference; lastKnownFileType = sourcecode.swift; path = Level4Scene.swift; sourceTree = "<group>"; };
		7A08B8552D6261F700A37998 /* Level4Screen.swift */ = {isa = PBXFileReference; lastKnownFileType = sourcecode.swift; path = Level4Screen.swift; sourceTree = "<group>"; };
		7A08B8582D6261F700A37998 /* Fonts+Generated.swift */ = {isa = PBXFileReference; lastKnownFileType = sourcecode.swift; path = "Fonts+Generated.swift"; sourceTree = "<group>"; };
		7A08B8592D6261F700A37998 /* Strings+Generated.swift */ = {isa = PBXFileReference; lastKnownFileType = sourcecode.swift; path = "Strings+Generated.swift"; sourceTree = "<group>"; };
		7A08B85A2D6261F700A37998 /* XCAssets+Generated.swift */ = {isa = PBXFileReference; lastKnownFileType = sourcecode.swift; path = "XCAssets+Generated.swift"; sourceTree = "<group>"; };
		7A08B85C2D6261F700A37998 /* Preview Assets.xcassets */ = {isa = PBXFileReference; lastKnownFileType = folder.assetcatalog; path = "Preview Assets.xcassets"; sourceTree = "<group>"; };
		7A08B85E2D6261F700A37998 /* Assets.xcassets */ = {isa = PBXFileReference; lastKnownFileType = folder.assetcatalog; path = Assets.xcassets; sourceTree = "<group>"; };
		7A08B85F2D6261F700A37998 /* Info.plist */ = {isa = PBXFileReference; lastKnownFileType = text.plist.xml; path = Info.plist; sourceTree = "<group>"; };
		7A08B8602D6261F700A37998 /* LaunchScreen.storyboard */ = {isa = PBXFileReference; lastKnownFileType = file.storyboard; path = LaunchScreen.storyboard; sourceTree = "<group>"; };
		7A08B8612D6261F700A37998 /* en */ = {isa = PBXFileReference; lastKnownFileType = text.plist.strings; name = en; path = en.lproj/Localizable.strings; sourceTree = "<group>"; };
		7A08B8892D62639D00A37998 /* GoogleService-Info.plist */ = {isa = PBXFileReference; lastKnownFileType = text.plist.xml; path = "GoogleService-Info.plist"; sourceTree = "<group>"; };
		E96616762D5156650014293B /* MirrorDash.app */ = {isa = PBXFileReference; explicitFileType = wrapper.application; includeInIndex = 0; path = MirrorDash.app; sourceTree = BUILT_PRODUCTS_DIR; };
/* End PBXFileReference section */

/* Begin PBXFrameworksBuildPhase section */
		E96616732D5156650014293B /* Frameworks */ = {
			isa = PBXFrameworksBuildPhase;
			buildActionMask = 2147483647;
			files = (
				7A08B8882D62624000A37998 /* FirebaseRemoteConfig in Frameworks */,
				7A08B8862D62624000A37998 /* FirebaseMessaging in Frameworks */,
				7A08B8842D62624000A37998 /* FirebaseAnalyticsWithoutAdIdSupport in Frameworks */,
			);
			runOnlyForDeploymentPostprocessing = 0;
		};
/* End PBXFrameworksBuildPhase section */

/* Begin PBXGroup section */
		7A08B83A2D6261F700A37998 /* App */ = {
			isa = PBXGroup;
			children = (
				7A08B8392D6261F700A37998 /* MirrorDashApp.swift */,
			);
			path = App;
			sourceTree = "<group>";
		};
		7A08B8402D6261F700A37998 /* AppScreens */ = {
			isa = PBXGroup;
			children = (
				7A08B83B2D6261F700A37998 /* FutureLevel.swift */,
				7A08B83C2D6261F700A37998 /* HowToPlayScreen.swift */,
				7A08B83D2D6261F700A37998 /* LevelsScreen.swift */,
				7A08B83E2D6261F700A37998 /* MainGameMenu.swift */,
				7A08B83F2D6261F700A37998 /* SettingsScreen.swift */,
			);
			path = AppScreens;
			sourceTree = "<group>";
		};
		7A08B8422D6261F700A37998 /* Fonts */ = {
			isa = PBXGroup;
			children = (
				7A08B8412D6261F700A37998 /* impact.ttf */,
			);
			path = Fonts;
			sourceTree = "<group>";
		};
		7A08B8462D6261F700A37998 /* InfinityLevel */ = {
			isa = PBXGroup;
			children = (
				7A08B8432D6261F700A37998 /* InfinityLevel.sks */,
				7A08B8442D6261F700A37998 /* InfinityLevelScene.swift */,
				7A08B8452D6261F700A37998 /* InfinityLevelScreen.swift */,
			);
			path = InfinityLevel;
			sourceTree = "<group>";
		};
		7A08B84A2D6261F700A37998 /* Level1 */ = {
			isa = PBXGroup;
			children = (
				7A08B8472D6261F700A37998 /* Level1.sks */,
				7A08B8482D6261F700A37998 /* level1Scene.swift */,
				7A08B8492D6261F700A37998 /* Level1Screen.swift */,
			);
			path = Level1;
			sourceTree = "<group>";
		};
		7A08B84E2D6261F700A37998 /* Level2 */ = {
			isa = PBXGroup;
			children = (
				7A08B84B2D6261F700A37998 /* Level2.sks */,
				7A08B84C2D6261F700A37998 /* Level2Scene.swift */,
				7A08B84D2D6261F700A37998 /* Level2Screen.swift */,
			);
			path = Level2;
			sourceTree = "<group>";
		};
		7A08B8522D6261F700A37998 /* Level3 */ = {
			isa = PBXGroup;
			children = (
				7A08B84F2D6261F700A37998 /* Level3.sks */,
				7A08B8502D6261F700A37998 /* Level3Scene.swift */,
				7A08B8512D6261F700A37998 /* Level3Screen.swift */,
			);
			path = Level3;
			sourceTree = "<group>";
		};
		7A08B8562D6261F700A37998 /* Level4 */ = {
			isa = PBXGroup;
			children = (
				7A08B8532D6261F700A37998 /* Level4.sks */,
				7A08B8542D6261F700A37998 /* Level4Scene.swift */,
				7A08B8552D6261F700A37998 /* Level4Screen.swift */,
			);
			path = Level4;
			sourceTree = "<group>";
		};
		7A08B8572D6261F700A37998 /* GameLevels */ = {
			isa = PBXGroup;
			children = (
				7A08B8462D6261F700A37998 /* InfinityLevel */,
				7A08B84A2D6261F700A37998 /* Level1 */,
				7A08B84E2D6261F700A37998 /* Level2 */,
				7A08B8522D6261F700A37998 /* Level3 */,
				7A08B8562D6261F700A37998 /* Level4 */,
			);
			path = GameLevels;
			sourceTree = "<group>";
		};
		7A08B85B2D6261F700A37998 /* Generated */ = {
			isa = PBXGroup;
			children = (
				7A08B8582D6261F700A37998 /* Fonts+Generated.swift */,
				7A08B8592D6261F700A37998 /* Strings+Generated.swift */,
				7A08B85A2D6261F700A37998 /* XCAssets+Generated.swift */,
			);
			path = Generated;
			sourceTree = "<group>";
		};
		7A08B85D2D6261F700A37998 /* Preview Content */ = {
			isa = PBXGroup;
			children = (
				7A08B85C2D6261F700A37998 /* Preview Assets.xcassets */,
			);
			path = "Preview Content";
			sourceTree = "<group>";
		};
		7A08B8632D6261F700A37998 /* MirrorDash */ = {
			isa = PBXGroup;
			children = (
				7A08B8892D62639D00A37998 /* GoogleService-Info.plist */,
				7A08B83A2D6261F700A37998 /* App */,
				7A08B8402D6261F700A37998 /* AppScreens */,
				7A08B8422D6261F700A37998 /* Fonts */,
				7A08B8572D6261F700A37998 /* GameLevels */,
				7A08B85B2D6261F700A37998 /* Generated */,
				7A08B85D2D6261F700A37998 /* Preview Content */,
				7A08B85E2D6261F700A37998 /* Assets.xcassets */,
				7A08B85F2D6261F700A37998 /* Info.plist */,
				7A08B8602D6261F700A37998 /* LaunchScreen.storyboard */,
				7A08B8622D6261F700A37998 /* Localizable.strings */,
			);
			path = MirrorDash;
			sourceTree = "<group>";
		};
		E966166D2D5156650014293B = {
			isa = PBXGroup;
			children = (
				7A08B8632D6261F700A37998 /* MirrorDash */,
				E96616772D5156650014293B /* Products */,
			);
			sourceTree = "<group>";
		};
		E96616772D5156650014293B /* Products */ = {
			isa = PBXGroup;
			children = (
				E96616762D5156650014293B /* MirrorDash.app */,
			);
			name = Products;
			sourceTree = "<group>";
		};
/* End PBXGroup section */

/* Begin PBXNativeTarget section */
		E96616752D5156650014293B /* MirrorDash */ = {
			isa = PBXNativeTarget;
			buildConfigurationList = E96616842D5156670014293B /* Build configuration list for PBXNativeTarget "MirrorDash" */;
			buildPhases = (
				E966168D2D5158630014293B /* Run SwiftGen */,
				E96616722D5156650014293B /* Sources */,
				E96616732D5156650014293B /* Frameworks */,
				E96616742D5156650014293B /* Resources */,
			);
			buildRules = (
			);
			dependencies = (
			);
			name = MirrorDash;
			packageProductDependencies = (
				7A08B8832D62624000A37998 /* FirebaseAnalyticsWithoutAdIdSupport */,
				7A08B8852D62624000A37998 /* FirebaseMessaging */,
				7A08B8872D62624000A37998 /* FirebaseRemoteConfig */,
			);
			productName = MirrorDash;
			productReference = E96616762D5156650014293B /* MirrorDash.app */;
			productType = "com.apple.product-type.application";
		};
/* End PBXNativeTarget section */

/* Begin PBXProject section */
		E966166E2D5156650014293B /* Project object */ = {
			isa = PBXProject;
			attributes = {
				BuildIndependentTargetsInParallel = 1;
				LastSwiftUpdateCheck = 1610;
				LastUpgradeCheck = 1610;
				TargetAttributes = {
					E96616752D5156650014293B = {
						CreatedOnToolsVersion = 16.1;
					};
				};
			};
			buildConfigurationList = E96616712D5156650014293B /* Build configuration list for PBXProject "MirrorDash" */;
			developmentRegion = en;
			hasScannedForEncodings = 0;
			knownRegions = (
				en,
				Base,
			);
			mainGroup = E966166D2D5156650014293B;
			minimizedProjectReferenceProxies = 1;
			packageReferences = (
				7A08B8822D62624000A37998 /* XCRemoteSwiftPackageReference "firebase-ios-sdk" */,
			);
			preferredProjectObjectVersion = 77;
			productRefGroup = E96616772D5156650014293B /* Products */;
			projectDirPath = "";
			projectRoot = "";
			targets = (
				E96616752D5156650014293B /* MirrorDash */,
			);
		};
/* End PBXProject section */

/* Begin PBXResourcesBuildPhase section */
		E96616742D5156650014293B /* Resources */ = {
			isa = PBXResourcesBuildPhase;
			buildActionMask = 2147483647;
			files = (
				7A08B8642D6261F700A37998 /* impact.ttf in Resources */,
				7A08B8652D6261F700A37998 /* InfinityLevel.sks in Resources */,
				7A08B8662D6261F700A37998 /* Level1.sks in Resources */,
				7A08B8672D6261F700A37998 /* Level2.sks in Resources */,
				7A08B8682D6261F700A37998 /* Level3.sks in Resources */,
				7A08B8692D6261F700A37998 /* Level4.sks in Resources */,
				7A08B86A2D6261F700A37998 /* Preview Assets.xcassets in Resources */,
				7A08B86B2D6261F700A37998 /* Assets.xcassets in Resources */,
				7A08B88A2D62639D00A37998 /* GoogleService-Info.plist in Resources */,
				7A08B86D2D6261F700A37998 /* LaunchScreen.storyboard in Resources */,
				7A08B86E2D6261F700A37998 /* Localizable.strings in Resources */,
			);
			runOnlyForDeploymentPostprocessing = 0;
		};
/* End PBXResourcesBuildPhase section */

/* Begin PBXShellScriptBuildPhase section */
		E966168D2D5158630014293B /* Run SwiftGen */ = {
			isa = PBXShellScriptBuildPhase;
			alwaysOutOfDate = 1;
			buildActionMask = 2147483647;
			files = (
			);
			inputFileListPaths = (
			);
			inputPaths = (
			);
			name = "Run SwiftGen";
			outputFileListPaths = (
			);
			outputPaths = (
			);
			runOnlyForDeploymentPostprocessing = 0;
			shellPath = /bin/sh;
			shellScript = "export PATH=\"$PATH:/opt/homebrew/bin\"\nif which swiftgen >/dev/null; then\n  swiftgen\nelse\n  echo \"warning: SwiftGen not installed, download it from https://github.com/SwiftGen/SwiftGen\"\nfi\n";
		};
/* End PBXShellScriptBuildPhase section */

/* Begin PBXSourcesBuildPhase section */
		E96616722D5156650014293B /* Sources */ = {
			isa = PBXSourcesBuildPhase;
			buildActionMask = 2147483647;
			files = (
				7A08B86F2D6261F700A37998 /* MirrorDashApp.swift in Sources */,
				7A08B8702D6261F700A37998 /* FutureLevel.swift in Sources */,
				7A08B8712D6261F700A37998 /* HowToPlayScreen.swift in Sources */,
				7A08B8722D6261F700A37998 /* LevelsScreen.swift in Sources */,
				7A08B8732D6261F700A37998 /* MainGameMenu.swift in Sources */,
				7A08B8742D6261F700A37998 /* SettingsScreen.swift in Sources */,
				7A08B8752D6261F700A37998 /* InfinityLevelScene.swift in Sources */,
				7A08B8762D6261F700A37998 /* InfinityLevelScreen.swift in Sources */,
				7A08B8772D6261F700A37998 /* level1Scene.swift in Sources */,
				7A08B8782D6261F700A37998 /* Level1Screen.swift in Sources */,
				7A08B8792D6261F700A37998 /* Level2Scene.swift in Sources */,
				7A08B87A2D6261F700A37998 /* Level2Screen.swift in Sources */,
				7A08B87B2D6261F700A37998 /* Level3Scene.swift in Sources */,
				7A08B87C2D6261F700A37998 /* Level3Screen.swift in Sources */,
				7A08B87D2D6261F700A37998 /* Level4Scene.swift in Sources */,
				7A08B87E2D6261F700A37998 /* Level4Screen.swift in Sources */,
				7A08B87F2D6261F700A37998 /* Fonts+Generated.swift in Sources */,
				7A08B8802D6261F700A37998 /* Strings+Generated.swift in Sources */,
				7A08B8812D6261F700A37998 /* XCAssets+Generated.swift in Sources */,
			);
			runOnlyForDeploymentPostprocessing = 0;
		};
/* End PBXSourcesBuildPhase section */

/* Begin PBXVariantGroup section */
		7A08B8622D6261F700A37998 /* Localizable.strings */ = {
			isa = PBXVariantGroup;
			children = (
				7A08B8612D6261F700A37998 /* en */,
			);
			name = Localizable.strings;
			sourceTree = "<group>";
		};
/* End PBXVariantGroup section */

/* Begin XCBuildConfiguration section */
		E96616822D5156670014293B /* Debug */ = {
			isa = XCBuildConfiguration;
			buildSettings = {
				ALWAYS_SEARCH_USER_PATHS = NO;
				ASSETCATALOG_COMPILER_GENERATE_SWIFT_ASSET_SYMBOL_EXTENSIONS = YES;
				CLANG_ANALYZER_NONNULL = YES;
				CLANG_ANALYZER_NUMBER_OBJECT_CONVERSION = YES_AGGRESSIVE;
				CLANG_CXX_LANGUAGE_STANDARD = "gnu++20";
				CLANG_ENABLE_MODULES = YES;
				CLANG_ENABLE_OBJC_ARC = YES;
				CLANG_ENABLE_OBJC_WEAK = YES;
				CLANG_WARN_BLOCK_CAPTURE_AUTORELEASING = YES;
				CLANG_WARN_BOOL_CONVERSION = YES;
				CLANG_WARN_COMMA = YES;
				CLANG_WARN_CONSTANT_CONVERSION = YES;
				CLANG_WARN_DEPRECATED_OBJC_IMPLEMENTATIONS = YES;
				CLANG_WARN_DIRECT_OBJC_ISA_USAGE = YES_ERROR;
				CLANG_WARN_DOCUMENTATION_COMMENTS = YES;
				CLANG_WARN_EMPTY_BODY = YES;
				CLANG_WARN_ENUM_CONVERSION = YES;
				CLANG_WARN_INFINITE_RECURSION = YES;
				CLANG_WARN_INT_CONVERSION = YES;
				CLANG_WARN_NON_LITERAL_NULL_CONVERSION = YES;
				CLANG_WARN_OBJC_IMPLICIT_RETAIN_SELF = YES;
				CLANG_WARN_OBJC_LITERAL_CONVERSION = YES;
				CLANG_WARN_OBJC_ROOT_CLASS = YES_ERROR;
				CLANG_WARN_QUOTED_INCLUDE_IN_FRAMEWORK_HEADER = YES;
				CLANG_WARN_RANGE_LOOP_ANALYSIS = YES;
				CLANG_WARN_STRICT_PROTOTYPES = YES;
				CLANG_WARN_SUSPICIOUS_MOVE = YES;
				CLANG_WARN_UNGUARDED_AVAILABILITY = YES_AGGRESSIVE;
				CLANG_WARN_UNREACHABLE_CODE = YES;
				CLANG_WARN__DUPLICATE_METHOD_MATCH = YES;
				COPY_PHASE_STRIP = NO;
				DEBUG_INFORMATION_FORMAT = dwarf;
				ENABLE_STRICT_OBJC_MSGSEND = YES;
				ENABLE_TESTABILITY = YES;
				ENABLE_USER_SCRIPT_SANDBOXING = NO;
				GCC_C_LANGUAGE_STANDARD = gnu17;
				GCC_DYNAMIC_NO_PIC = NO;
				GCC_NO_COMMON_BLOCKS = YES;
				GCC_OPTIMIZATION_LEVEL = 0;
				GCC_PREPROCESSOR_DEFINITIONS = (
					"DEBUG=1",
					"$(inherited)",
				);
				GCC_WARN_64_TO_32_BIT_CONVERSION = YES;
				GCC_WARN_ABOUT_RETURN_TYPE = YES_ERROR;
				GCC_WARN_UNDECLARED_SELECTOR = YES;
				GCC_WARN_UNINITIALIZED_AUTOS = YES_AGGRESSIVE;
				GCC_WARN_UNUSED_FUNCTION = YES;
				GCC_WARN_UNUSED_VARIABLE = YES;
				IPHONEOS_DEPLOYMENT_TARGET = 18.1;
				LOCALIZATION_PREFERS_STRING_CATALOGS = YES;
				MTL_ENABLE_DEBUG_INFO = INCLUDE_SOURCE;
				MTL_FAST_MATH = YES;
				ONLY_ACTIVE_ARCH = YES;
				SDKROOT = iphoneos;
				SWIFT_ACTIVE_COMPILATION_CONDITIONS = "DEBUG $(inherited)";
				SWIFT_OPTIMIZATION_LEVEL = "-Onone";
			};
			name = Debug;
		};
		E96616832D5156670014293B /* Release */ = {
			isa = XCBuildConfiguration;
			buildSettings = {
				ALWAYS_SEARCH_USER_PATHS = NO;
				ASSETCATALOG_COMPILER_GENERATE_SWIFT_ASSET_SYMBOL_EXTENSIONS = YES;
				CLANG_ANALYZER_NONNULL = YES;
				CLANG_ANALYZER_NUMBER_OBJECT_CONVERSION = YES_AGGRESSIVE;
				CLANG_CXX_LANGUAGE_STANDARD = "gnu++20";
				CLANG_ENABLE_MODULES = YES;
				CLANG_ENABLE_OBJC_ARC = YES;
				CLANG_ENABLE_OBJC_WEAK = YES;
				CLANG_WARN_BLOCK_CAPTURE_AUTORELEASING = YES;
				CLANG_WARN_BOOL_CONVERSION = YES;
				CLANG_WARN_COMMA = YES;
				CLANG_WARN_CONSTANT_CONVERSION = YES;
				CLANG_WARN_DEPRECATED_OBJC_IMPLEMENTATIONS = YES;
				CLANG_WARN_DIRECT_OBJC_ISA_USAGE = YES_ERROR;
				CLANG_WARN_DOCUMENTATION_COMMENTS = YES;
				CLANG_WARN_EMPTY_BODY = YES;
				CLANG_WARN_ENUM_CONVERSION = YES;
				CLANG_WARN_INFINITE_RECURSION = YES;
				CLANG_WARN_INT_CONVERSION = YES;
				CLANG_WARN_NON_LITERAL_NULL_CONVERSION = YES;
				CLANG_WARN_OBJC_IMPLICIT_RETAIN_SELF = YES;
				CLANG_WARN_OBJC_LITERAL_CONVERSION = YES;
				CLANG_WARN_OBJC_ROOT_CLASS = YES_ERROR;
				CLANG_WARN_QUOTED_INCLUDE_IN_FRAMEWORK_HEADER = YES;
				CLANG_WARN_RANGE_LOOP_ANALYSIS = YES;
				CLANG_WARN_STRICT_PROTOTYPES = YES;
				CLANG_WARN_SUSPICIOUS_MOVE = YES;
				CLANG_WARN_UNGUARDED_AVAILABILITY = YES_AGGRESSIVE;
				CLANG_WARN_UNREACHABLE_CODE = YES;
				CLANG_WARN__DUPLICATE_METHOD_MATCH = YES;
				COPY_PHASE_STRIP = NO;
				DEBUG_INFORMATION_FORMAT = "dwarf-with-dsym";
				ENABLE_NS_ASSERTIONS = NO;
				ENABLE_STRICT_OBJC_MSGSEND = YES;
				ENABLE_USER_SCRIPT_SANDBOXING = NO;
				GCC_C_LANGUAGE_STANDARD = gnu17;
				GCC_NO_COMMON_BLOCKS = YES;
				GCC_WARN_64_TO_32_BIT_CONVERSION = YES;
				GCC_WARN_ABOUT_RETURN_TYPE = YES_ERROR;
				GCC_WARN_UNDECLARED_SELECTOR = YES;
				GCC_WARN_UNINITIALIZED_AUTOS = YES_AGGRESSIVE;
				GCC_WARN_UNUSED_FUNCTION = YES;
				GCC_WARN_UNUSED_VARIABLE = YES;
				IPHONEOS_DEPLOYMENT_TARGET = 18.1;
				LOCALIZATION_PREFERS_STRING_CATALOGS = YES;
				MTL_ENABLE_DEBUG_INFO = NO;
				MTL_FAST_MATH = YES;
				SDKROOT = iphoneos;
				SWIFT_COMPILATION_MODE = wholemodule;
				VALIDATE_PRODUCT = YES;
			};
			name = Release;
		};
		E96616852D5156670014293B /* Debug */ = {
			isa = XCBuildConfiguration;
			buildSettings = {
				ASSETCATALOG_COMPILER_APPICON_NAME = AppIcon;
				ASSETCATALOG_COMPILER_GLOBAL_ACCENT_COLOR_NAME = AccentColor;
				CODE_SIGN_STYLE = Manual;
				CURRENT_PROJECT_VERSION = 1;
				DEVELOPMENT_ASSET_PATHS = "\"MirrorDash/Preview Content\"";
				DEVELOPMENT_TEAM = "";
				ENABLE_PREVIEWS = YES;
				GENERATE_INFOPLIST_FILE = YES;
				INFOPLIST_FILE = MirrorDash/Info.plist;
				INFOPLIST_KEY_CFBundleDisplayName = "Reflex Dash";
				INFOPLIST_KEY_LSApplicationCategoryType = "public.app-category.games";
				INFOPLIST_KEY_UIApplicationSceneManifest_Generation = YES;
				INFOPLIST_KEY_UIApplicationSupportsIndirectInputEvents = YES;
				INFOPLIST_KEY_UILaunchScreen_Generation = YES;
				INFOPLIST_KEY_UILaunchStoryboardName = LaunchScreen.storyboard;
				INFOPLIST_KEY_UISupportedInterfaceOrientations = UIInterfaceOrientationPortrait;
				INFOPLIST_KEY_UISupportedInterfaceOrientations_iPad = "UIInterfaceOrientationLandscapeLeft UIInterfaceOrientationLandscapeRight UIInterfaceOrientationPortrait UIInterfaceOrientationPortraitUpsideDown";
				IPHONEOS_DEPLOYMENT_TARGET = 16.0;
				LD_RUNPATH_SEARCH_PATHS = (
					"$(inherited)",
					"@executable_path/Frameworks",
				);
				MARKETING_VERSION = 1.1;
				OTHER_LDFLAGS = "-ObjC";
				PRODUCT_BUNDLE_IDENTIFIER = com.mirror.dash.app;
				PRODUCT_NAME = "$(TARGET_NAME)";
				PROVISIONING_PROFILE_SPECIFIER = "";
				SUPPORTED_PLATFORMS = "iphoneos iphonesimulator";
				SUPPORTS_MACCATALYST = NO;
				SUPPORTS_MAC_DESIGNED_FOR_IPHONE_IPAD = NO;
				SUPPORTS_XR_DESIGNED_FOR_IPHONE_IPAD = NO;
				SWIFT_EMIT_LOC_STRINGS = YES;
				SWIFT_VERSION = 5.0;
				TARGETED_DEVICE_FAMILY = 1;
			};
			name = Debug;
		};
		E96616862D5156670014293B /* Release */ = {
			isa = XCBuildConfiguration;
			buildSettings = {
				ASSETCATALOG_COMPILER_APPICON_NAME = AppIcon;
				ASSETCATALOG_COMPILER_GLOBAL_ACCENT_COLOR_NAME = AccentColor;
				CODE_SIGN_STYLE = Manual;
				CURRENT_PROJECT_VERSION = 1;
				DEVELOPMENT_ASSET_PATHS = "\"MirrorDash/Preview Content\"";
				DEVELOPMENT_TEAM = "";
				ENABLE_PREVIEWS = YES;
				GENERATE_INFOPLIST_FILE = YES;
				INFOPLIST_FILE = MirrorDash/Info.plist;
				INFOPLIST_KEY_CFBundleDisplayName = "Reflex Dash";
				INFOPLIST_KEY_LSApplicationCategoryType = "public.app-category.games";
				INFOPLIST_KEY_UIApplicationSceneManifest_Generation = YES;
				INFOPLIST_KEY_UIApplicationSupportsIndirectInputEvents = YES;
				INFOPLIST_KEY_UILaunchScreen_Generation = YES;
				INFOPLIST_KEY_UILaunchStoryboardName = LaunchScreen.storyboard;
				INFOPLIST_KEY_UISupportedInterfaceOrientations = UIInterfaceOrientationPortrait;
				INFOPLIST_KEY_UISupportedInterfaceOrientations_iPad = "UIInterfaceOrientationLandscapeLeft UIInterfaceOrientationLandscapeRight UIInterfaceOrientationPortrait UIInterfaceOrientationPortraitUpsideDown";
				IPHONEOS_DEPLOYMENT_TARGET = 16.0;
				LD_RUNPATH_SEARCH_PATHS = (
					"$(inherited)",
					"@executable_path/Frameworks",
				);
				MARKETING_VERSION = 1.1;
				OTHER_LDFLAGS = "-ObjC";
				PRODUCT_BUNDLE_IDENTIFIER = com.mirror.dash.app;
				PRODUCT_NAME = "$(TARGET_NAME)";
				PROVISIONING_PROFILE_SPECIFIER = "";
				SUPPORTED_PLATFORMS = "iphoneos iphonesimulator";
				SUPPORTS_MACCATALYST = NO;
				SUPPORTS_MAC_DESIGNED_FOR_IPHONE_IPAD = NO;
				SUPPORTS_XR_DESIGNED_FOR_IPHONE_IPAD = NO;
				SWIFT_EMIT_LOC_STRINGS = YES;
				SWIFT_VERSION = 5.0;
				TARGETED_DEVICE_FAMILY = 1;
			};
			name = Release;
		};
/* End XCBuildConfiguration section */

/* Begin XCConfigurationList section */
		E96616712D5156650014293B /* Build configuration list for PBXProject "MirrorDash" */ = {
			isa = XCConfigurationList;
			buildConfigurations = (
				E96616822D5156670014293B /* Debug */,
				E96616832D5156670014293B /* Release */,
			);
			defaultConfigurationIsVisible = 0;
			defaultConfigurationName = Release;
		};
		E96616842D5156670014293B /* Build configuration list for PBXNativeTarget "MirrorDash" */ = {
			isa = XCConfigurationList;
			buildConfigurations = (
				E96616852D5156670014293B /* Debug */,
				E96616862D5156670014293B /* Release */,
			);
			defaultConfigurationIsVisible = 0;
			defaultConfigurationName = Release;
		};
/* End XCConfigurationList section */

/* Begin XCRemoteSwiftPackageReference section */
		7A08B8822D62624000A37998 /* XCRemoteSwiftPackageReference "firebase-ios-sdk" */ = {
			isa = XCRemoteSwiftPackageReference;
			repositoryURL = "https://github.com/firebase/firebase-ios-sdk.git";
			requirement = {
				kind = upToNextMajorVersion;
				minimumVersion = 11.8.1;
			};
		};
/* End XCRemoteSwiftPackageReference section */

/* Begin XCSwiftPackageProductDependency section */
		7A08B8832D62624000A37998 /* FirebaseAnalyticsWithoutAdIdSupport */ = {
			isa = XCSwiftPackageProductDependency;
			package = 7A08B8822D62624000A37998 /* XCRemoteSwiftPackageReference "firebase-ios-sdk" */;
			productName = FirebaseAnalyticsWithoutAdIdSupport;
		};
		7A08B8852D62624000A37998 /* FirebaseMessaging */ = {
			isa = XCSwiftPackageProductDependency;
			package = 7A08B8822D62624000A37998 /* XCRemoteSwiftPackageReference "firebase-ios-sdk" */;
			productName = FirebaseMessaging;
		};
		7A08B8872D62624000A37998 /* FirebaseRemoteConfig */ = {
			isa = XCSwiftPackageProductDependency;
			package = 7A08B8822D62624000A37998 /* XCRemoteSwiftPackageReference "firebase-ios-sdk" */;
			productName = FirebaseRemoteConfig;
		};
/* End XCSwiftPackageProductDependency section */
	};
	rootObject = E966166E2D5156650014293B /* Project object */;
}
